
Microsoft Visual Studio Solution File, Format Version 12.00
# Visual Studio Version 17
VisualStudioVersion = 17.3.32929.385
MinimumVisualStudioVersion = 10.0.40219.1
Project("{FAE04EC0-301F-11D3-BF4B-00C04F79EFBC}") = "FootballManagerForm", "FootballManagerForm\FootballManagerForm.csproj", "{FCF14191-A120-4853-A934-1359B3B89FE4}"
EndProject
Global
	GlobalSection(SolutionConfigurationPlatforms) = preSolution
		Debug|Any CPU = Debug|Any CPU
		Release|Any CPU = Release|Any CPU
	EndGlobalSection
	GlobalSection(ProjectConfigurationPlatforms) = postSolution
		{FCF14191-A120-4853-A934-1359B3B89FE4}.Debug|Any CPU.ActiveCfg = Debug|Any CPU
		{FCF14191-A120-4853-A934-1359B3B89FE4}.Debug|Any CPU.Build.0 = Debug|Any CPU
		{FCF14191-A120-4853-A934-1359B3B89FE4}.Release|Any CPU.ActiveCfg = Release|Any CPU
		{FCF14191-A120-4853-A934-1359B3B89FE4}.Release|Any CPU.Build.0 = Release|Any CPU
	EndGlobalSection
	GlobalSection(SolutionProperties) = preSolution
		HideSolutionNode = FALSE
	EndGlobalSection
	GlobalSection(ExtensibilityGlobals) = postSolution
		SolutionGuid = {A9C00EBE-00E0-458E-A794-B765146D87F9}
	EndGlobalSection
EndGlobal
